
Microsoft Visual Studio Solution File, Format Version 12.00
# Visual Studio Version 17
VisualStudioVersion = 17.0.31903.59
MinimumVisualStudioVersion = 10.0.40219.1
Project("{2150E333-8FDC-42A3-9474-1A3956D46DE8}") = "src", "src", "{827E0CD3-B72D-47B6-A68D-7590B98EB39B}"
EndProject
Project("{FAE04EC0-301F-11D3-BF4B-00C04F79EFBC}") = "Ecss.Api", "src\Ecss.Api\Ecss.Api.csproj", "{ED686845-F485-42C4-8B99-1035EFC48E5D}"
EndProject
Project("{FAE04EC0-301F-11D3-BF4B-00C04F79EFBC}") = "Ecss.Business", "src\Ecss.Business\Ecss.Business.csproj", "{DAB82FF9-AB84-47D5-9242-2E47C0204E41}"
EndProject
Project("{FAE04EC0-301F-11D3-BF4B-00C04F79EFBC}") = "Ecss.Common", "src\Ecss.Common\Ecss.Common.csproj", "{5DE3A6AA-30A9-4551-BC02-32128AB489A1}"
EndProject
Project("{FAE04EC0-301F-11D3-BF4B-00C04F79EFBC}") = "Ecss.DataAccess", "src\Ecss.DataAccess\Ecss.DataAccess.csproj", "{32B650F4-1B8C-47E5-86B8-BDF849525A0F}"
EndProject
Project("{2150E333-8FDC-42A3-9474-1A3956D46DE8}") = "test", "test", "{0C88DD14-F956-CE84-757C-A364CCF449FC}"
EndProject
Project("{FAE04EC0-301F-11D3-BF4B-00C04F79EFBC}") = "Ecss.Api.Tests", "test\Ecss.Api.Tests\Ecss.Api.Tests.csproj", "{06BAEA08-97FC-4B75-96C1-84930DBA6C09}"
EndProject
Project("{FAE04EC0-301F-11D3-BF4B-00C04F79EFBC}") = "Ecss.Business.Tests", "test\Ecss.Business.Tests\Ecss.Business.Tests.csproj", "{493CE655-1BEC-4B3C-9865-FA1C3C5FE2B3}"
EndProject
Project("{FAE04EC0-301F-11D3-BF4B-00C04F79EFBC}") = "Ecss.DataAccess.Tests", "test\Ecss.DataAccess.Tests\Ecss.DataAccess.Tests.csproj", "{F17A37EC-FB33-4072-80E6-278DDCCCF6D0}"
EndProject
Project("{E53339B2-1760-4266-BCC7-CA923CBCF16C}") = "docker-compose", "docker-compose.dcproj", "{81DDED9D-158B-E303-5F62-77A2896D2A5A}"
EndProject
Global
	GlobalSection(SolutionConfigurationPlatforms) = preSolution
		Debug|Any CPU = Debug|Any CPU
		Debug|x64 = Debug|x64
		Debug|x86 = Debug|x86
		Release|Any CPU = Release|Any CPU
		Release|x64 = Release|x64
		Release|x86 = Release|x86
	EndGlobalSection
	GlobalSection(ProjectConfigurationPlatforms) = postSolution
		{ED686845-F485-42C4-8B99-1035EFC48E5D}.Debug|Any CPU.ActiveCfg = Debug|Any CPU
		{ED686845-F485-42C4-8B99-1035EFC48E5D}.Debug|Any CPU.Build.0 = Debug|Any CPU
		{ED686845-F485-42C4-8B99-1035EFC48E5D}.Debug|x64.ActiveCfg = Debug|Any CPU
		{ED686845-F485-42C4-8B99-1035EFC48E5D}.Debug|x64.Build.0 = Debug|Any CPU
		{ED686845-F485-42C4-8B99-1035EFC48E5D}.Debug|x86.ActiveCfg = Debug|Any CPU
		{ED686845-F485-42C4-8B99-1035EFC48E5D}.Debug|x86.Build.0 = Debug|Any CPU
		{ED686845-F485-42C4-8B99-1035EFC48E5D}.Release|Any CPU.ActiveCfg = Release|Any CPU
		{ED686845-F485-42C4-8B99-1035EFC48E5D}.Release|Any CPU.Build.0 = Release|Any CPU
		{ED686845-F485-42C4-8B99-1035EFC48E5D}.Release|x64.ActiveCfg = Release|Any CPU
		{ED686845-F485-42C4-8B99-1035EFC48E5D}.Release|x64.Build.0 = Release|Any CPU
		{ED686845-F485-42C4-8B99-1035EFC48E5D}.Release|x86.ActiveCfg = Release|Any CPU
		{ED686845-F485-42C4-8B99-1035EFC48E5D}.Release|x86.Build.0 = Release|Any CPU
		{DAB82FF9-AB84-47D5-9242-2E47C0204E41}.Debug|Any CPU.ActiveCfg = Debug|Any CPU
		{DAB82FF9-AB84-47D5-9242-2E47C0204E41}.Debug|Any CPU.Build.0 = Debug|Any CPU
		{DAB82FF9-AB84-47D5-9242-2E47C0204E41}.Debug|x64.ActiveCfg = Debug|Any CPU
		{DAB82FF9-AB84-47D5-9242-2E47C0204E41}.Debug|x64.Build.0 = Debug|Any CPU
		{DAB82FF9-AB84-47D5-9242-2E47C0204E41}.Debug|x86.ActiveCfg = Debug|Any CPU
		{DAB82FF9-AB84-47D5-9242-2E47C0204E41}.Debug|x86.Build.0 = Debug|Any CPU
		{DAB82FF9-AB84-47D5-9242-2E47C0204E41}.Release|Any CPU.ActiveCfg = Release|Any CPU
		{DAB82FF9-AB84-47D5-9242-2E47C0204E41}.Release|Any CPU.Build.0 = Release|Any CPU
		{DAB82FF9-AB84-47D5-9242-2E47C0204E41}.Release|x64.ActiveCfg = Release|Any CPU
		{DAB82FF9-AB84-47D5-9242-2E47C0204E41}.Release|x64.Build.0 = Release|Any CPU
		{DAB82FF9-AB84-47D5-9242-2E47C0204E41}.Release|x86.ActiveCfg = Release|Any CPU
		{DAB82FF9-AB84-47D5-9242-2E47C0204E41}.Release|x86.Build.0 = Release|Any CPU
		{5DE3A6AA-30A9-4551-BC02-32128AB489A1}.Debug|Any CPU.ActiveCfg = Debug|Any CPU
		{5DE3A6AA-30A9-4551-BC02-32128AB489A1}.Debug|Any CPU.Build.0 = Debug|Any CPU
		{5DE3A6AA-30A9-4551-BC02-32128AB489A1}.Debug|x64.ActiveCfg = Debug|Any CPU
		{5DE3A6AA-30A9-4551-BC02-32128AB489A1}.Debug|x64.Build.0 = Debug|Any CPU
		{5DE3A6AA-30A9-4551-BC02-32128AB489A1}.Debug|x86.ActiveCfg = Debug|Any CPU
		{5DE3A6AA-30A9-4551-BC02-32128AB489A1}.Debug|x86.Build.0 = Debug|Any CPU
		{5DE3A6AA-30A9-4551-BC02-32128AB489A1}.Release|Any CPU.ActiveCfg = Release|Any CPU
		{5DE3A6AA-30A9-4551-BC02-32128AB489A1}.Release|Any CPU.Build.0 = Release|Any CPU
		{5DE3A6AA-30A9-4551-BC02-32128AB489A1}.Release|x64.ActiveCfg = Release|Any CPU
		{5DE3A6AA-30A9-4551-BC02-32128AB489A1}.Release|x64.Build.0 = Release|Any CPU
		{5DE3A6AA-30A9-4551-BC02-32128AB489A1}.Release|x86.ActiveCfg = Release|Any CPU
		{5DE3A6AA-30A9-4551-BC02-32128AB489A1}.Release|x86.Build.0 = Release|Any CPU
		{32B650F4-1B8C-47E5-86B8-BDF849525A0F}.Debug|Any CPU.ActiveCfg = Debug|Any CPU
		{32B650F4-1B8C-47E5-86B8-BDF849525A0F}.Debug|Any CPU.Build.0 = Debug|Any CPU
		{32B650F4-1B8C-47E5-86B8-BDF849525A0F}.Debug|x64.ActiveCfg = Debug|Any CPU
		{32B650F4-1B8C-47E5-86B8-BDF849525A0F}.Debug|x64.Build.0 = Debug|Any CPU
		{32B650F4-1B8C-47E5-86B8-BDF849525A0F}.Debug|x86.ActiveCfg = Debug|Any CPU
		{32B650F4-1B8C-47E5-86B8-BDF849525A0F}.Debug|x86.Build.0 = Debug|Any CPU
		{32B650F4-1B8C-47E5-86B8-BDF849525A0F}.Release|Any CPU.ActiveCfg = Release|Any CPU
		{32B650F4-1B8C-47E5-86B8-BDF849525A0F}.Release|Any CPU.Build.0 = Release|Any CPU
		{32B650F4-1B8C-47E5-86B8-BDF849525A0F}.Release|x64.ActiveCfg = Release|Any CPU
		{32B650F4-1B8C-47E5-86B8-BDF849525A0F}.Release|x64.Build.0 = Release|Any CPU
		{32B650F4-1B8C-47E5-86B8-BDF849525A0F}.Release|x86.ActiveCfg = Release|Any CPU
		{32B650F4-1B8C-47E5-86B8-BDF849525A0F}.Release|x86.Build.0 = Release|Any CPU
		{06BAEA08-97FC-4B75-96C1-84930DBA6C09}.Debug|Any CPU.ActiveCfg = Debug|Any CPU
		{06BAEA08-97FC-4B75-96C1-84930DBA6C09}.Debug|Any CPU.Build.0 = Debug|Any CPU
		{06BAEA08-97FC-4B75-96C1-84930DBA6C09}.Debug|x64.ActiveCfg = Debug|Any CPU
		{06BAEA08-97FC-4B75-96C1-84930DBA6C09}.Debug|x64.Build.0 = Debug|Any CPU
		{06BAEA08-97FC-4B75-96C1-84930DBA6C09}.Debug|x86.ActiveCfg = Debug|Any CPU
		{06BAEA08-97FC-4B75-96C1-84930DBA6C09}.Debug|x86.Build.0 = Debug|Any CPU
		{06BAEA08-97FC-4B75-96C1-84930DBA6C09}.Release|Any CPU.ActiveCfg = Release|Any CPU
		{06BAEA08-97FC-4B75-96C1-84930DBA6C09}.Release|Any CPU.Build.0 = Release|Any CPU
		{06BAEA08-97FC-4B75-96C1-84930DBA6C09}.Release|x64.ActiveCfg = Release|Any CPU
		{06BAEA08-97FC-4B75-96C1-84930DBA6C09}.Release|x64.Build.0 = Release|Any CPU
		{06BAEA08-97FC-4B75-96C1-84930DBA6C09}.Release|x86.ActiveCfg = Release|Any CPU
		{06BAEA08-97FC-4B75-96C1-84930DBA6C09}.Release|x86.Build.0 = Release|Any CPU
		{493CE655-1BEC-4B3C-9865-FA1C3C5FE2B3}.Debug|Any CPU.ActiveCfg = Debug|Any CPU
		{493CE655-1BEC-4B3C-9865-FA1C3C5FE2B3}.Debug|Any CPU.Build.0 = Debug|Any CPU
		{493CE655-1BEC-4B3C-9865-FA1C3C5FE2B3}.Debug|x64.ActiveCfg = Debug|Any CPU
		{493CE655-1BEC-4B3C-9865-FA1C3C5FE2B3}.Debug|x64.Build.0 = Debug|Any CPU
		{493CE655-1BEC-4B3C-9865-FA1C3C5FE2B3}.Debug|x86.ActiveCfg = Debug|Any CPU
		{493CE655-1BEC-4B3C-9865-FA1C3C5FE2B3}.Debug|x86.Build.0 = Debug|Any CPU
		{493CE655-1BEC-4B3C-9865-FA1C3C5FE2B3}.Release|Any CPU.ActiveCfg = Release|Any CPU
		{493CE655-1BEC-4B3C-9865-FA1C3C5FE2B3}.Release|Any CPU.Build.0 = Release|Any CPU
		{493CE655-1BEC-4B3C-9865-FA1C3C5FE2B3}.Release|x64.ActiveCfg = Release|Any CPU
		{493CE655-1BEC-4B3C-9865-FA1C3C5FE2B3}.Release|x64.Build.0 = Release|Any CPU
		{493CE655-1BEC-4B3C-9865-FA1C3C5FE2B3}.Release|x86.ActiveCfg = Release|Any CPU
		{493CE655-1BEC-4B3C-9865-FA1C3C5FE2B3}.Release|x86.Build.0 = Release|Any CPU
		{F17A37EC-FB33-4072-80E6-278DDCCCF6D0}.Debug|Any CPU.ActiveCfg = Debug|Any CPU
		{F17A37EC-FB33-4072-80E6-278DDCCCF6D0}.Debug|Any CPU.Build.0 = Debug|Any CPU
		{F17A37EC-FB33-4072-80E6-278DDCCCF6D0}.Debug|x64.ActiveCfg = Debug|Any CPU
		{F17A37EC-FB33-4072-80E6-278DDCCCF6D0}.Debug|x64.Build.0 = Debug|Any CPU
		{F17A37EC-FB33-4072-80E6-278DDCCCF6D0}.Debug|x86.ActiveCfg = Debug|Any CPU
		{F17A37EC-FB33-4072-80E6-278DDCCCF6D0}.Debug|x86.Build.0 = Debug|Any CPU
		{F17A37EC-FB33-4072-80E6-278DDCCCF6D0}.Release|Any CPU.ActiveCfg = Release|Any CPU
		{F17A37EC-FB33-4072-80E6-278DDCCCF6D0}.Release|Any CPU.Build.0 = Release|Any CPU
		{F17A37EC-FB33-4072-80E6-278DDCCCF6D0}.Release|x64.ActiveCfg = Release|Any CPU
		{F17A37EC-FB33-4072-80E6-278DDCCCF6D0}.Release|x64.Build.0 = Release|Any CPU
		{F17A37EC-FB33-4072-80E6-278DDCCCF6D0}.Release|x86.ActiveCfg = Release|Any CPU
		{F17A37EC-FB33-4072-80E6-278DDCCCF6D0}.Release|x86.Build.0 = Release|Any CPU
		{81DDED9D-158B-E303-5F62-77A2896D2A5A}.Debug|Any CPU.ActiveCfg = Debug|Any CPU
		{81DDED9D-158B-E303-5F62-77A2896D2A5A}.Debug|Any CPU.Build.0 = Debug|Any CPU
		{81DDED9D-158B-E303-5F62-77A2896D2A5A}.Debug|x64.ActiveCfg = Debug|Any CPU
		{81DDED9D-158B-E303-5F62-77A2896D2A5A}.Debug|x64.Build.0 = Debug|Any CPU
		{81DDED9D-158B-E303-5F62-77A2896D2A5A}.Debug|x86.ActiveCfg = Debug|Any CPU
		{81DDED9D-158B-E303-5F62-77A2896D2A5A}.Debug|x86.Build.0 = Debug|Any CPU
		{81DDED9D-158B-E303-5F62-77A2896D2A5A}.Release|Any CPU.ActiveCfg = Release|Any CPU
		{81DDED9D-158B-E303-5F62-77A2896D2A5A}.Release|Any CPU.Build.0 = Release|Any CPU
		{81DDED9D-158B-E303-5F62-77A2896D2A5A}.Release|x64.ActiveCfg = Release|Any CPU
		{81DDED9D-158B-E303-5F62-77A2896D2A5A}.Release|x64.Build.0 = Release|Any CPU
		{81DDED9D-158B-E303-5F62-77A2896D2A5A}.Release|x86.ActiveCfg = Release|Any CPU
		{81DDED9D-158B-E303-5F62-77A2896D2A5A}.Release|x86.Build.0 = Release|Any CPU
	EndGlobalSection
	GlobalSection(SolutionProperties) = preSolution
		HideSolutionNode = FALSE
	EndGlobalSection
	GlobalSection(NestedProjects) = preSolution
		{ED686845-F485-42C4-8B99-1035EFC48E5D} = {827E0CD3-B72D-47B6-A68D-7590B98EB39B}
		{DAB82FF9-AB84-47D5-9242-2E47C0204E41} = {827E0CD3-B72D-47B6-A68D-7590B98EB39B}
		{5DE3A6AA-30A9-4551-BC02-32128AB489A1} = {827E0CD3-B72D-47B6-A68D-7590B98EB39B}
		{32B650F4-1B8C-47E5-86B8-BDF849525A0F} = {827E0CD3-B72D-47B6-A68D-7590B98EB39B}
		{06BAEA08-97FC-4B75-96C1-84930DBA6C09} = {0C88DD14-F956-CE84-757C-A364CCF449FC}
		{493CE655-1BEC-4B3C-9865-FA1C3C5FE2B3} = {0C88DD14-F956-CE84-757C-A364CCF449FC}
		{F17A37EC-FB33-4072-80E6-278DDCCCF6D0} = {0C88DD14-F956-CE84-757C-A364CCF449FC}
	EndGlobalSection
EndGlobal
